{
  "name": "boilerplate",
  "version": "0.0.1",
  "lockfileVersion": 1,
  "dependencies": {
    "@types/async": {
      "version": "2.0.40",
      "resolved": "https://registry.npmjs.org/@types/async/-/async-2.0.40.tgz",
      "integrity": "sha1-rALeaOZsAEpht8sW34sds6JUzKk=",
      "optional": true
    },
    "@types/graphql": {
      "version": "0.9.1",
      "resolved": "https://registry.npmjs.org/@types/graphql/-/graphql-0.9.1.tgz",
      "integrity": "sha1-sE6+hLyZfMYNvqLtTQ1DQsc3+Z0=",
      "optional": true
    },
    "@types/isomorphic-fetch": {
      "version": "0.0.34",
      "resolved": "https://registry.npmjs.org/@types/isomorphic-fetch/-/isomorphic-fetch-0.0.34.tgz",
      "integrity": "sha1-PDSD5gbAQTeEOOlRRk8A5OYHBtY=",
      "optional": true
    },
    "add-dom-event-listener": {
      "version": "1.0.2",
      "resolved": "https://registry.npmjs.org/add-dom-event-listener/-/add-dom-event-listener-1.0.2.tgz",
      "integrity": "sha1-j67SxBAIchzxEdodMNmVuFvkK+0="
    },
    "antd": {
      "version": "2.11.0",
      "resolved": "https://registry.npmjs.org/antd/-/antd-2.11.0.tgz",
      "integrity": "sha1-9iUH0gswqpMyIiD9ty2ix9jSVU0="
    },
    "array-tree-filter": {
      "version": "1.0.1",
      "resolved": "https://registry.npmjs.org/array-tree-filter/-/array-tree-filter-1.0.1.tgz",
      "integrity": "sha1-CorR7v04zoiFhjL5zAQj12NOTV0="
    },
    "asap": {
      "version": "https://registry.npmjs.org/asap/-/asap-2.0.5.tgz",
      "integrity": "sha1-UidltQw1EEkOUtfc/ghe+bqWlY8="
    },
    "async-validator": {
      "version": "1.7.1",
      "resolved": "https://registry.npmjs.org/async-validator/-/async-validator-1.7.1.tgz",
      "integrity": "sha1-idPXo4TKXQXg8Hv1F1TVkeLP7GE="
    },
    "babel-runtime": {
      "version": "https://registry.npmjs.org/babel-runtime/-/babel-runtime-6.23.0.tgz",
      "integrity": "sha1-CpSJ8UTecO+zzkMArM2zKeL8VDs="
    },
    "balanced-match": {
      "version": "1.0.0",
      "resolved": "https://registry.npmjs.org/balanced-match/-/balanced-match-1.0.0.tgz",
      "integrity": "sha1-ibTRmasr7kneFk6gK4nORi1xt2c="
    },
    "bcrypt": {
      "version": "https://registry.npmjs.org/bcrypt/-/bcrypt-0.8.7.tgz",
      "integrity": "sha1-vDh1qa/Qp7LNIxpqfyGKXOFWsJM="
    },
    "bignumber.js": {
      "version": "https://registry.npmjs.org/bignumber.js/-/bignumber.js-4.0.2.tgz",
      "integrity": "sha1-LR3DfuWWiGfs6pC22k0W5oYI0h0="
    },
    "bindings": {
      "version": "https://registry.npmjs.org/bindings/-/bindings-1.2.1.tgz",
      "integrity": "sha1-FK1hE4EtLTfXLme0ystLtyZQXxE="
    },
    "blockies": {
      "version": "0.0.2",
      "resolved": "https://registry.npmjs.org/blockies/-/blockies-0.0.2.tgz",
      "integrity": "sha1-Iq1Y2k9rOCvHm/Q4bFggxwBH5O0="
    },
    "bluebird": {
      "version": "3.5.0",
      "resolved": "https://registry.npmjs.org/bluebird/-/bluebird-3.5.0.tgz",
      "integrity": "sha1-eRQg1/VR7qKJdFOop3ZT+WYG1nw="
    },
    "brace-expansion": {
      "version": "1.1.8",
      "resolved": "https://registry.npmjs.org/brace-expansion/-/brace-expansion-1.1.8.tgz",
      "integrity": "sha1-wHshHHyVLsH479Uad+8NHTmQopI="
    },
    "can-use-dom": {
      "version": "0.1.0",
      "resolved": "https://registry.npmjs.org/can-use-dom/-/can-use-dom-0.1.0.tgz",
      "integrity": "sha1-IsxKNKCrxDlQ9CxkEQJKP2NmtFo="
    },
    "classnames": {
      "version": "2.2.5",
      "resolved": "https://registry.npmjs.org/classnames/-/classnames-2.2.5.tgz",
      "integrity": "sha1-+zgB1FNGdknvNgPH1hoCvRKb3m0="
    },
    "commander": {
      "version": "2.10.0",
      "resolved": "https://registry.npmjs.org/commander/-/commander-2.10.0.tgz",
      "integrity": "sha512-q/r9trjmuikWDRJNTBHAVnWhuU6w+z80KgBq7j9YDclik5E7X4xi0KnlZBNFA1zOQ+SH/vHMWd2mC9QTOz7GpA=="
    },
    "component-classes": {
      "version": "1.2.6",
      "resolved": "https://registry.npmjs.org/component-classes/-/component-classes-1.2.6.tgz",
      "integrity": "sha1-xkI5TDYYpNiwuJGe/Mu9kw5c1pE="
    },
    "component-indexof": {
      "version": "0.0.3",
      "resolved": "https://registry.npmjs.org/component-indexof/-/component-indexof-0.0.3.tgz",
      "integrity": "sha1-EdCRMSI5648yyPJa6csAL/6NPCQ="
    },
    "concat-map": {
      "version": "0.0.1",
      "resolved": "https://registry.npmjs.org/concat-map/-/concat-map-0.0.1.tgz",
      "integrity": "sha1-2Klr13/Wjfd5OnMDajug1UBdR3s="
    },
    "core-js": {
      "version": "https://registry.npmjs.org/core-js/-/core-js-2.4.1.tgz",
      "integrity": "sha1-TekR5mew6ukSTjQlS1OupvxhjT4="
    },
    "create-react-class": {
      "version": "https://registry.npmjs.org/create-react-class/-/create-react-class-15.5.3.tgz",
      "integrity": "sha1-+w98rnkznpoXnhlO9Gbvo5I4IP4="
    },
    "crypto-js": {
      "version": "https://registry.npmjs.org/crypto-js/-/crypto-js-3.1.8.tgz",
      "integrity": "sha1-cV8HC/YBTyrpkqmLOSkli3E/CNU="
    },
    "css-animation": {
      "version": "1.3.2",
      "resolved": "https://registry.npmjs.org/css-animation/-/css-animation-1.3.2.tgz",
      "integrity": "sha1-31FYIO9ZA3M60tsJmUA7MDe4uIA="
    },
    "deep-diff": {
      "version": "https://registry.npmjs.org/deep-diff/-/deep-diff-0.3.4.tgz",
      "integrity": "sha1-qsXDmVIjar5fA3ojSQYLoBsArkg="
    },
    "dom-align": {
      "version": "1.6.2",
      "resolved": "https://registry.npmjs.org/dom-align/-/dom-align-1.6.2.tgz",
      "integrity": "sha512-xCyF9pFKqoSClFUb7ATZbSHGAi70fNFGZ1k9ijLmFo2jM22ef4AKEVGvETzGFMQRVZT8vqJSmQEG108uabKlMA=="
    },
    "dom-closest": {
      "version": "0.2.0",
      "resolved": "https://registry.npmjs.org/dom-closest/-/dom-closest-0.2.0.tgz",
      "integrity": "sha1-69n5HRvyLo1vR3h2u80+yQIWwM8="
    },
    "dom-matches": {
      "version": "2.0.0",
      "resolved": "https://registry.npmjs.org/dom-matches/-/dom-matches-2.0.0.tgz",
      "integrity": "sha1-0nKLQWqHUzmA6wibhI0lPPI6dYw="
    },
    "dom-scroll-into-view": {
      "version": "1.2.1",
      "resolved": "https://registry.npmjs.org/dom-scroll-into-view/-/dom-scroll-into-view-1.2.1.tgz",
      "integrity": "sha1-6PNnMt0ImwIBqI14Fdw/iObWbH4="
    },
    "domready": {
      "version": "https://registry.npmjs.org/domready/-/domready-1.0.8.tgz",
      "integrity": "sha1-kfJS5Ze2Wvd+dFriTdAYXV4m1Yw="
    },
    "draft-js": {
      "version": "0.10.1",
      "resolved": "https://registry.npmjs.org/draft-js/-/draft-js-0.10.1.tgz",
      "integrity": "sha1-bxIZ2AlXKWkUKcpv16WNKovly2c=",
      "dependencies": {
        "immutable": {
          "version": "3.7.6",
          "resolved": "https://registry.npmjs.org/immutable/-/immutable-3.7.6.tgz",
          "integrity": "sha1-E7TTyxK++hVIKib+Gy665kAHHks="
        }
      }
    },
    "encoding": {
      "version": "https://registry.npmjs.org/encoding/-/encoding-0.1.12.tgz",
      "integrity": "sha1-U4tm8+5izRq1HsMjgp0flIDHS+s="
    },
    "enquire.js": {
      "version": "2.1.6",
      "resolved": "https://registry.npmjs.org/enquire.js/-/enquire.js-2.1.6.tgz",
      "integrity": "sha1-PoeAybi4NQhMP2DhZtvDwqPImBQ="
    },
    "eventlistener": {
      "version": "0.0.1",
      "resolved": "https://registry.npmjs.org/eventlistener/-/eventlistener-0.0.1.tgz",
      "integrity": "sha1-7Suqu4UiJ68rz4iRUscsY8pTLrg="
    },
    "fbjs": {
      "version": "https://registry.npmjs.org/fbjs/-/fbjs-0.8.12.tgz",
      "integrity": "sha1-ELXZL3bUVXX9Y6IX1OoCvqL47QQ=",
      "dependencies": {
        "core-js": {
          "version": "https://registry.npmjs.org/core-js/-/core-js-1.2.7.tgz",
          "integrity": "sha1-ZSKUwUZR2yj6k70tX/KYOk8IxjY="
        }
      }
    },
    "fs.realpath": {
      "version": "1.0.0",
      "resolved": "https://registry.npmjs.org/fs.realpath/-/fs.realpath-1.0.0.tgz",
      "integrity": "sha1-FQStJSMVjKpA20onh8sBQRmU6k8="
    },
    "glob": {
      "version": "7.1.2",
      "resolved": "https://registry.npmjs.org/glob/-/glob-7.1.2.tgz",
      "integrity": "sha512-MJTUg1kjuLeQCJ+ccE4Vpa6kKVXkPYJ2mOCQyUuKLcLQsdrMCpBPUi8qVE6+YuaJkozeA9NusTAw3hLr8Xe5EQ=="
    },
    "gql-format": {
      "version": "0.0.5",
      "resolved": "https://registry.npmjs.org/gql-format/-/gql-format-0.0.5.tgz",
      "integrity": "sha1-sawiQKgz7NfgDzGG3TlbftQNivE=",
      "dependencies": {
        "graphql": {
          "version": "0.9.2",
          "resolved": "https://registry.npmjs.org/graphql/-/graphql-0.9.2.tgz",
          "integrity": "sha1-LLXGNd4T95CnfFh5ZJy0AbFYk4Y="
        },
        "iterall": {
          "version": "1.0.3",
          "resolved": "https://registry.npmjs.org/iterall/-/iterall-1.0.3.tgz",
          "integrity": "sha1-4LMZWPg1ATwyP/CxCUOCmsaapLc="
        }
      }
    },
    "gql-merge": {
      "version": "0.0.6",
      "resolved": "https://registry.npmjs.org/gql-merge/-/gql-merge-0.0.6.tgz",
      "integrity": "sha1-UTPtwoJDqEPUsuIYKQ4AwQkOO5I=",
      "dependencies": {
        "graphql": {
          "version": "0.9.2",
          "resolved": "https://registry.npmjs.org/graphql/-/graphql-0.9.2.tgz",
          "integrity": "sha1-LLXGNd4T95CnfFh5ZJy0AbFYk4Y="
        },
        "iterall": {
          "version": "1.0.3",
          "resolved": "https://registry.npmjs.org/iterall/-/iterall-1.0.3.tgz",
          "integrity": "sha1-4LMZWPg1ATwyP/CxCUOCmsaapLc="
        }
      }
    },
    "gql-utils": {
      "version": "0.0.2",
      "resolved": "https://registry.npmjs.org/gql-utils/-/gql-utils-0.0.2.tgz",
      "integrity": "sha1-lis8GzS/llpF0lZKk9MHKSH2HoY="
    },
    "graceful-readlink": {
      "version": "1.0.1",
      "resolved": "https://registry.npmjs.org/graceful-readlink/-/graceful-readlink-1.0.1.tgz",
      "integrity": "sha1-TK+tdrxi8C+gObL5Tpo906ORpyU="
    },
    "graphql-anywhere": {
      "version": "3.1.0",
      "resolved": "https://registry.npmjs.org/graphql-anywhere/-/graphql-anywhere-3.1.0.tgz",
      "integrity": "sha1-PqDY6GRrXO5oA1AWqadVfBXCHpY="
    },
    "graphql-tag": {
      "version": "2.4.0",
      "resolved": "https://registry.npmjs.org/graphql-tag/-/graphql-tag-2.4.0.tgz",
      "integrity": "sha1-D+E3NI1Nsu+vKbUrpMHL+ErBOMs="
    },
    "hammerjs": {
      "version": "2.0.8",
      "resolved": "https://registry.npmjs.org/hammerjs/-/hammerjs-2.0.8.tgz",
      "integrity": "sha1-BO93hiz/K7edMPdpIJWTAiK/YPE="
    },
    "hoist-non-react-statics": {
      "version": "https://registry.npmjs.org/hoist-non-react-statics/-/hoist-non-react-statics-1.2.0.tgz",
      "integrity": "sha1-qkSM8JhtVcxAdzsXF0t90GbLfPs="
    },
    "iconv-lite": {
      "version": "https://registry.npmjs.org/iconv-lite/-/iconv-lite-0.4.17.tgz",
      "integrity": "sha1-T9qjs4rLwsAxsEXQ7c3+HsqxjI0="
    },
    "immutable": {
      "version": "3.8.1",
      "resolved": "https://registry.npmjs.org/immutable/-/immutable-3.8.1.tgz",
      "integrity": "sha1-IAgH8Rqw9ycQ6khVQt4IgHX2jNI="
    },
    "inflight": {
      "version": "1.0.6",
      "resolved": "https://registry.npmjs.org/inflight/-/inflight-1.0.6.tgz",
      "integrity": "sha1-Sb1jMdfQLQwJvJEKEHW6gWW1bfk="
    },
    "inherits": {
      "version": "2.0.3",
      "resolved": "https://registry.npmjs.org/inherits/-/inherits-2.0.3.tgz",
      "integrity": "sha1-Yzwsg+PaQqUC9SRmAiSA9CCCYd4="
    },
    "invariant": {
      "version": "https://registry.npmjs.org/invariant/-/invariant-2.2.2.tgz",
      "integrity": "sha1-nh9WrArNtr8wMwbzOL47IErmA2A="
    },
    "is-generator-function": {
      "version": "https://registry.npmjs.org/is-generator-function/-/is-generator-function-1.0.6.tgz",
      "integrity": "sha1-nnFlPNFf/zQcecQVFGChMdMen8Q="
    },
    "is-stream": {
      "version": "https://registry.npmjs.org/is-stream/-/is-stream-1.1.0.tgz",
      "integrity": "sha1-EtSj3U5o4Lec6428hBc66A2RykQ="
    },
    "isomorphic-fetch": {
      "version": "https://registry.npmjs.org/isomorphic-fetch/-/isomorphic-fetch-2.2.1.tgz",
      "integrity": "sha1-YRrhrPFPXoH3KVB0coGf6XM1WKk="
    },
    "iterall": {
      "version": "1.1.1",
      "resolved": "https://registry.npmjs.org/iterall/-/iterall-1.1.1.tgz",
      "integrity": "sha1-9/CvEemgTsZCYmD1AZ2fzKTVAhQ="
    },
    "jquery": {
      "version": "3.2.1",
      "resolved": "https://registry.npmjs.org/jquery/-/jquery-3.2.1.tgz",
      "integrity": "sha1-XE2d5lKvbNCncBVKYxu6ErAVx4c="
    },
    "js-tokens": {
      "version": "https://registry.npmjs.org/js-tokens/-/js-tokens-3.0.1.tgz",
      "integrity": "sha1-COnxMkhKLEWjCQfp3E1VZ7fxFNc="
    },
    "json2mq": {
      "version": "0.2.0",
      "resolved": "https://registry.npmjs.org/json2mq/-/json2mq-0.2.0.tgz",
      "integrity": "sha1-tje9O6nqvhIsg+lyBIOusQ0skEo="
    },
    "lodash": {
      "version": "https://registry.npmjs.org/lodash/-/lodash-4.17.4.tgz",
      "integrity": "sha1-eCA6TRwyiuHYbcpkYONptX9AVa4="
    },
    "lodash-es": {
      "version": "https://registry.npmjs.org/lodash-es/-/lodash-es-4.17.4.tgz",
      "integrity": "sha1-3MHXVS4VCgZABzupyzHXDwMpUOc="
    },
    "lodash._getnative": {
      "version": "3.9.1",
      "resolved": "https://registry.npmjs.org/lodash._getnative/-/lodash._getnative-3.9.1.tgz",
      "integrity": "sha1-VwvH3t5G1hzc3mh9ZdPuy6o6r/U="
    },
    "lodash.debounce": {
      "version": "4.0.8",
      "resolved": "https://registry.npmjs.org/lodash.debounce/-/lodash.debounce-4.0.8.tgz",
      "integrity": "sha1-gteb/zCmfEAF/9XiUVMArZyk168="
    },
    "lodash.flatten": {
      "version": "4.4.0",
      "resolved": "https://registry.npmjs.org/lodash.flatten/-/lodash.flatten-4.4.0.tgz",
      "integrity": "sha1-8xwiIlqWMtK7+OSt2+8kCqdlph8="
    },
    "lodash.get": {
      "version": "4.4.2",
      "resolved": "https://registry.npmjs.org/lodash.get/-/lodash.get-4.4.2.tgz",
      "integrity": "sha1-LRd/ZS+jHpObRDjVNBSZ36OCXpk="
    },
    "lodash.has": {
      "version": "4.5.2",
      "resolved": "https://registry.npmjs.org/lodash.has/-/lodash.has-4.5.2.tgz",
      "integrity": "sha1-0Z9NwQlQWMzL4rDN9O4P5Ko3yGI="
    },
    "lodash.isarguments": {
      "version": "3.1.0",
      "resolved": "https://registry.npmjs.org/lodash.isarguments/-/lodash.isarguments-3.1.0.tgz",
      "integrity": "sha1-L1c9hcaiQon/AGY7SRwdM4/zRYo="
    },
    "lodash.isarray": {
      "version": "3.0.4",
      "resolved": "https://registry.npmjs.org/lodash.isarray/-/lodash.isarray-3.0.4.tgz",
      "integrity": "sha1-eeTriMNqgSKvhvhEqpvNhRtfu1U="
    },
    "lodash.isequal": {
      "version": "4.5.0",
      "resolved": "https://registry.npmjs.org/lodash.isequal/-/lodash.isequal-4.5.0.tgz",
      "integrity": "sha1-QVxEePK8wwEgwizhDtMib30+GOA="
    },
    "lodash.isobject": {
      "version": "3.0.2",
      "resolved": "https://registry.npmjs.org/lodash.isobject/-/lodash.isobject-3.0.2.tgz",
      "integrity": "sha1-PI+41bW/S/kK4G4U8qUwpO2TXh0="
    },
    "lodash.keys": {
      "version": "3.1.2",
      "resolved": "https://registry.npmjs.org/lodash.keys/-/lodash.keys-3.1.2.tgz",
      "integrity": "sha1-TbwEcrFWvlCgsoaFXRvQsMZWCYo="
    },
    "lodash.pick": {
      "version": "4.4.0",
      "resolved": "https://registry.npmjs.org/lodash.pick/-/lodash.pick-4.4.0.tgz",
      "integrity": "sha1-UvBWEP/53tQiYRRB7R/BI6AwAbM="
    },
    "lodash.set": {
      "version": "4.3.2",
      "resolved": "https://registry.npmjs.org/lodash.set/-/lodash.set-4.3.2.tgz",
      "integrity": "sha1-2HV7HagH3eJIFrDWqEvqGnYjCyM="
    },
    "lodash.throttle": {
      "version": "4.1.1",
      "resolved": "https://registry.npmjs.org/lodash.throttle/-/lodash.throttle-4.1.1.tgz",
      "integrity": "sha1-wj6RtxAkKscMN/HhzaknTMOb8vQ="
    },
    "loose-envify": {
      "version": "https://registry.npmjs.org/loose-envify/-/loose-envify-1.3.1.tgz",
      "integrity": "sha1-0aitM/qc4OcT1l/dCsi3SNR4yEg="
    },
    "meteor-node-stubs": {
      "version": "https://registry.npmjs.org/meteor-node-stubs/-/meteor-node-stubs-0.2.6.tgz",
      "integrity": "sha1-3UPJqLx3k9gK3HZtNCQQ2m3pCcU=",
      "dependencies": {
        "asn1.js": {
          "version": "https://registry.npmjs.org/asn1.js/-/asn1.js-4.9.0.tgz",
          "integrity": "sha1-9xoSQ/PnnUbXsH1/v0gk7nOvBUo="
        },
        "assert": {
          "version": "https://registry.npmjs.org/assert/-/assert-1.4.1.tgz",
          "integrity": "sha1-mZEtWRg2tab1s0XA8H7vwI/GXZE="
        },
        "Base64": {
          "version": "https://registry.npmjs.org/Base64/-/Base64-0.2.1.tgz",
          "integrity": "sha1-ujpCMHCOGGcFBl5mur3Uw1z2ACg="
        },
        "base64-js": {
          "version": "https://registry.npmjs.org/base64-js/-/base64-js-1.2.0.tgz",
          "integrity": "sha1-o5mS1yNYSBGYK+XikLtqU9hnAPE="
        },
        "bn.js": {
          "version": "https://registry.npmjs.org/bn.js/-/bn.js-4.11.6.tgz",
          "integrity": "sha1-UzRK2xRhehP26N0s4okF0cC6MhU="
        },
        "brorand": {
          "version": "https://registry.npmjs.org/brorand/-/brorand-1.0.6.tgz",
          "integrity": "sha1-QChwa5FfkfezSaLgvzw3YDnSFuU="
        },
        "browserify-aes": {
          "version": "https://registry.npmjs.org/browserify-aes/-/browserify-aes-1.0.6.tgz",
          "integrity": "sha1-Xncl297x/Vkw1OurSFZ85FHEigo="
        },
        "browserify-cipher": {
          "version": "https://registry.npmjs.org/browserify-cipher/-/browserify-cipher-1.0.0.tgz",
          "integrity": "sha1-mYgkSHS/XtTijalWZtzWasj8Njo="
        },
        "browserify-des": {
          "version": "https://registry.npmjs.org/browserify-des/-/browserify-des-1.0.0.tgz",
          "integrity": "sha1-2qJ3cXRwki7S/hhZQRihdUOXId0="
        },
        "browserify-rsa": {
          "version": "https://registry.npmjs.org/browserify-rsa/-/browserify-rsa-4.0.1.tgz",
          "integrity": "sha1-IeCr+vbyApzy+vsTNWenAdQTVSQ="
        },
        "browserify-sign": {
          "version": "https://registry.npmjs.org/browserify-sign/-/browserify-sign-4.0.0.tgz",
          "integrity": "sha1-EHc5EMPCBtVCCkaq2GlPgguFlo8="
        },
        "browserify-zlib": {
          "version": "https://registry.npmjs.org/browserify-zlib/-/browserify-zlib-0.1.4.tgz",
          "integrity": "sha1-uzX4pRn2AOD6a4SFJByXnQFB+y0="
        },
        "buffer": {
          "version": "https://registry.npmjs.org/buffer/-/buffer-4.9.1.tgz",
          "integrity": "sha1-bRu2AbB6TvztlwlBMgkwJ8lbwpg="
        },
        "buffer-shims": {
          "version": "https://registry.npmjs.org/buffer-shims/-/buffer-shims-1.0.0.tgz",
          "integrity": "sha1-mXjOMXOIxkmth5MCjDR37wRKi1E="
        },
        "buffer-xor": {
          "version": "https://registry.npmjs.org/buffer-xor/-/buffer-xor-1.0.3.tgz",
          "integrity": "sha1-JuYe0UIvtw3ULm42cp7VHYVf6Nk="
        },
        "cipher-base": {
          "version": "https://registry.npmjs.org/cipher-base/-/cipher-base-1.0.3.tgz",
          "integrity": "sha1-7qvxlEGc6QDaMBjCB9IS8qbfCgc="
        },
        "console-browserify": {
          "version": "https://registry.npmjs.org/console-browserify/-/console-browserify-1.1.0.tgz",
          "integrity": "sha1-8CQcRXMKn8YyOyBtvzjtx0HQuxA="
        },
        "constants-browserify": {
          "version": "https://registry.npmjs.org/constants-browserify/-/constants-browserify-1.0.0.tgz",
          "integrity": "sha1-wguW2MYXdIqvHBYCF2DNJ/y4y3U="
        },
        "core-util-is": {
          "version": "https://registry.npmjs.org/core-util-is/-/core-util-is-1.0.2.tgz",
          "integrity": "sha1-tf1UIgqivFq1eqtxQMlAdUUDwac="
        },
        "create-ecdh": {
          "version": "https://registry.npmjs.org/create-ecdh/-/create-ecdh-4.0.0.tgz",
          "integrity": "sha1-iIxyNZbN92EvZJgjPuvXo1MBc30="
        },
        "create-hash": {
          "version": "https://registry.npmjs.org/create-hash/-/create-hash-1.1.2.tgz",
          "integrity": "sha1-USEAYte7dHn2xlu0GpIgix1hq60="
        },
        "create-hmac": {
          "version": "https://registry.npmjs.org/create-hmac/-/create-hmac-1.1.4.tgz",
          "integrity": "sha1-0/tLolPriz9W456i+8uK90e9MXA="
        },
        "crypto-browserify": {
          "version": "https://registry.npmjs.org/crypto-browserify/-/crypto-browserify-3.11.0.tgz",
          "integrity": "sha1-NlKgkGq5sqfgw85mpAjpV6JIVSI="
        },
        "date-now": {
          "version": "https://registry.npmjs.org/date-now/-/date-now-0.1.4.tgz",
          "integrity": "sha1-6vQ5/U1ISK105cx9vvIAZyueNFs="
        },
        "des.js": {
          "version": "https://registry.npmjs.org/des.js/-/des.js-1.0.0.tgz",
          "integrity": "sha1-wHTS4qpqipoH29YfmhXCzYPsjsw="
        },
        "diffie-hellman": {
          "version": "https://registry.npmjs.org/diffie-hellman/-/diffie-hellman-5.0.2.tgz",
          "integrity": "sha1-tYNXOScM/ias9jIJn97SoH8gnl4="
        },
        "domain-browser": {
          "version": "https://registry.npmjs.org/domain-browser/-/domain-browser-1.1.7.tgz",
          "integrity": "sha1-hnqksJP6oF8d4IwG9NeyH9+GmLw="
        },
        "elliptic": {
          "version": "https://registry.npmjs.org/elliptic/-/elliptic-6.3.2.tgz",
          "integrity": "sha1-5MgeCCnPCmWrcOmYuCMnI7XBvEg="
        },
        "events": {
          "version": "https://registry.npmjs.org/events/-/events-1.1.1.tgz",
          "integrity": "sha1-nr23Y1rQmccNzEwqH1AEKI6L2SQ="
        },
        "evp_bytestokey": {
          "version": "https://registry.npmjs.org/evp_bytestokey/-/evp_bytestokey-1.0.0.tgz",
          "integrity": "sha1-SXtmrZ/vZc18CKYYCCS6FHa2blM="
        },
        "hash.js": {
          "version": "https://registry.npmjs.org/hash.js/-/hash.js-1.0.3.tgz",
          "integrity": "sha1-EzL/ABVsCg/92CNgE9B7d6BFFXM="
        },
        "http-browserify": {
          "version": "https://registry.npmjs.org/http-browserify/-/http-browserify-1.7.0.tgz",
          "integrity": "sha1-M3la3nLfiKz7/TZ3PO/tp2RzWyA="
        },
        "https-browserify": {
          "version": "https://registry.npmjs.org/https-browserify/-/https-browserify-0.0.1.tgz",
          "integrity": "sha1-P5E2XKvmC3ftDruiS0VOPgnZWoI="
        },
        "ieee754": {
          "version": "https://registry.npmjs.org/ieee754/-/ieee754-1.1.8.tgz",
          "integrity": "sha1-vjPUCsEO8ZJnAfbwii2G+/0a0+Q="
        },
        "indexof": {
          "version": "https://registry.npmjs.org/indexof/-/indexof-0.0.1.tgz",
          "integrity": "sha1-gtwzbSMrkGIXnQWrMpOmYFn9Q10="
        },
        "inherits": {
          "version": "https://registry.npmjs.org/inherits/-/inherits-2.0.1.tgz",
          "integrity": "sha1-sX0I0ya0Qj5Wjv9xn5GwscvfafE="
        },
        "isarray": {
          "version": "https://registry.npmjs.org/isarray/-/isarray-1.0.0.tgz",
          "integrity": "sha1-u5NdSFgsuhaMBoNJV6VKPgcSTxE="
        },
        "miller-rabin": {
          "version": "https://registry.npmjs.org/miller-rabin/-/miller-rabin-4.0.0.tgz",
          "integrity": "sha1-SmL7HUKTPAVYOYL0xxb2+55sbT0="
        },
        "minimalistic-assert": {
          "version": "https://registry.npmjs.org/minimalistic-assert/-/minimalistic-assert-1.0.0.tgz",
          "integrity": "sha1-cCvi3aazf0g2vLP121ZkG2Sh09M="
        },
        "os-browserify": {
          "version": "https://registry.npmjs.org/os-browserify/-/os-browserify-0.2.1.tgz",
          "integrity": "sha1-Y/xMzuXS13Y9Jrv4YBB45sLgBE8="
        },
        "pako": {
          "version": "https://registry.npmjs.org/pako/-/pako-0.2.9.tgz",
          "integrity": "sha1-8/dSL073gjSNqBYbrZ7P1Rv4OnU="
        },
        "parse-asn1": {
          "version": "https://registry.npmjs.org/parse-asn1/-/parse-asn1-5.0.0.tgz",
          "integrity": "sha1-NQYPbVAV03Yox3D04JGgtaJ4vCM="
        },
        "path-browserify": {
          "version": "https://registry.npmjs.org/path-browserify/-/path-browserify-0.0.0.tgz",
          "integrity": "sha1-oLhwcpquIUAFt9UDLsLLuw+0RRo="
        },
        "pbkdf2": {
          "version": "https://registry.npmjs.org/pbkdf2/-/pbkdf2-3.0.9.tgz",
          "integrity": "sha1-8sSyWmAAWLPDdzwIbDfbvuH/5pM="
        },
        "process": {
          "version": "https://registry.npmjs.org/process/-/process-0.11.9.tgz",
          "integrity": "sha1-e9WtIapiU+fahoImTx4R0RwDGME="
        },
        "process-nextick-args": {
          "version": "https://registry.npmjs.org/process-nextick-args/-/process-nextick-args-1.0.7.tgz",
          "integrity": "sha1-FQ4gt1ZZCtP5EJPyWk8q2L/zC6M="
        },
        "public-encrypt": {
          "version": "https://registry.npmjs.org/public-encrypt/-/public-encrypt-4.0.0.tgz",
          "integrity": "sha1-OfaZ86RlYN1eusvKaTyvfGXBjMY="
        },
        "punycode": {
          "version": "https://registry.npmjs.org/punycode/-/punycode-1.4.1.tgz",
          "integrity": "sha1-wNWmOycYgArY4esPpSachN1BhF4="
        },
        "querystring": {
          "version": "https://registry.npmjs.org/querystring/-/querystring-0.2.0.tgz",
          "integrity": "sha1-sgmEkgO7Jd+CDadW50cAWHhSFiA="
        },
        "querystring-es3": {
          "version": "https://registry.npmjs.org/querystring-es3/-/querystring-es3-0.2.1.tgz",
          "integrity": "sha1-nsYfeQSYdXB9aUFFlv2Qek1xHnM="
        },
        "randombytes": {
          "version": "https://registry.npmjs.org/randombytes/-/randombytes-2.0.3.tgz",
          "integrity": "sha1-Z0yZdgkBw8QRJ3GjHlIdw0nMCew="
        },
        "readable-stream": {
          "version": "https://registry.npmjs.org/readable-stream/-/readable-stream-2.2.1.tgz",
          "integrity": "sha1-xFmmaHrWGV+Ta5WYcHdu3vJ6dlU="
        },
        "ripemd160": {
          "version": "https://registry.npmjs.org/ripemd160/-/ripemd160-1.0.1.tgz",
          "integrity": "sha1-k6S71JQrxXS2mo+lfHHeEOzKfW4="
        },
        "sha.js": {
          "version": "https://registry.npmjs.org/sha.js/-/sha.js-2.4.8.tgz",
          "integrity": "sha1-NwaMLEdra69ALRSknGf1l5IfY08="
        },
        "stream-browserify": {
          "version": "https://registry.npmjs.org/stream-browserify/-/stream-browserify-2.0.1.tgz",
          "integrity": "sha1-ZiZu5fm9uZQKTkUUyvtDu3Hlyds="
        },
        "string_decoder": {
          "version": "https://registry.npmjs.org/string_decoder/-/string_decoder-0.10.31.tgz",
          "integrity": "sha1-YuIDvEF2bGwoyfyEMB2rHFMQ+pQ="
        },
        "timers-browserify": {
          "version": "https://registry.npmjs.org/timers-browserify/-/timers-browserify-1.4.2.tgz",
          "integrity": "sha1-ycWLV1voQHN1y14kYtrO50NZ9B0="
        },
        "tty-browserify": {
          "version": "https://registry.npmjs.org/tty-browserify/-/tty-browserify-0.0.0.tgz",
          "integrity": "sha1-oVe6QC2iTpv5V/mqadUk7tQpAaY="
        },
        "url": {
          "version": "https://registry.npmjs.org/url/-/url-0.11.0.tgz",
          "integrity": "sha1-ODjpfPxgUh63PFJajlW/3Z4uKPE=",
          "dependencies": {
            "punycode": {
              "version": "https://registry.npmjs.org/punycode/-/punycode-1.3.2.tgz",
              "integrity": "sha1-llOgNvt8HuQjQvIyXM7v6jkmxI0="
            }
          }
        },
        "util": {
          "version": "https://registry.npmjs.org/util/-/util-0.10.3.tgz",
          "integrity": "sha1-evsa/lCAUkZInj23/g7TeTNqwPk="
        },
        "util-deprecate": {
          "version": "https://registry.npmjs.org/util-deprecate/-/util-deprecate-1.0.2.tgz",
          "integrity": "sha1-RQ1Nyfpw3nMnYvvS1KKJgUGaDM8="
        },
        "vm-browserify": {
          "version": "https://registry.npmjs.org/vm-browserify/-/vm-browserify-0.0.4.tgz",
          "integrity": "sha1-XX6kW7755Kb/ZflUOOCofDV9WnM="
        }
      }
    },
    "minimatch": {
      "version": "3.0.4",
      "resolved": "https://registry.npmjs.org/minimatch/-/minimatch-3.0.4.tgz",
      "integrity": "sha512-yJHVQEhyqPLUTgt9B83PXu6W3rx4MvvHvSUvToogpwoGDOUQ+yDrR0HRot+yOCdCO7u4hX3pWft6kWBBcqh0UA=="
    },
    "moment": {
      "version": "https://registry.npmjs.org/moment/-/moment-2.18.1.tgz",
      "integrity": "sha1-w2GT3Tzhwu7SrbfIAtu8d6gbHA8="
    },
    "nan": {
      "version": "https://registry.npmjs.org/nan/-/nan-2.3.5.tgz",
      "integrity": "sha1-gioNwmYpDOTNOhIoLKPn42Rmigg="
    },
    "node-fetch": {
      "version": "https://registry.npmjs.org/node-fetch/-/node-fetch-1.6.3.tgz",
      "integrity": "sha1-3CNO3WSJmC1Y6PDbT2lQKavNjAQ="
    },
    "numeral": {
      "version": "https://registry.npmjs.org/numeral/-/numeral-2.0.6.tgz",
      "integrity": "sha1-StCAk21EPCVhrtnyGX7//iX05QY="
    },
    "object-assign": {
      "version": "https://registry.npmjs.org/object-assign/-/object-assign-4.1.1.tgz",
      "integrity": "sha1-IQmtx5ZYh8/AXLvUQsrIv7s2CGM="
    },
    "omit.js": {
      "version": "0.1.0",
      "resolved": "https://registry.npmjs.org/omit.js/-/omit.js-0.1.0.tgz",
      "integrity": "sha1-l4aiGm1sMW+jW7FOcQHu7iHFIEQ="
    },
    "once": {
      "version": "1.4.0",
      "resolved": "https://registry.npmjs.org/once/-/once-1.4.0.tgz",
      "integrity": "sha1-WDsap3WWHUsROsF9nFC6753Xa9E="
    },
    "path-is-absolute": {
      "version": "1.0.1",
      "resolved": "https://registry.npmjs.org/path-is-absolute/-/path-is-absolute-1.0.1.tgz",
      "integrity": "sha1-F0uSaHNVNP+8es5r9TpanhtcX18="
    },
    "promise": {
      "version": "https://registry.npmjs.org/promise/-/promise-7.1.1.tgz",
      "integrity": "sha1-SJZUxpJha4qlWwck+oCbt9tJxb8="
    },
    "prop-types": {
      "version": "https://registry.npmjs.org/prop-types/-/prop-types-15.5.10.tgz",
      "integrity": "sha1-J5ffwxJhguOpXj37suiT3ddFYVQ="
    },
    "rc-align": {
      "version": "2.3.4",
      "resolved": "https://registry.npmjs.org/rc-align/-/rc-align-2.3.4.tgz",
      "integrity": "sha1-2Dvat1YPAULnKj3h1JXatroiUkk="
    },
    "rc-animate": {
      "version": "2.3.6",
      "resolved": "https://registry.npmjs.org/rc-animate/-/rc-animate-2.3.6.tgz",
      "integrity": "sha1-QXeigixnrfT9W5CM66fO6NE8H6w="
    },
    "rc-calendar": {
      "version": "8.4.4",
      "resolved": "https://registry.npmjs.org/rc-calendar/-/rc-calendar-8.4.4.tgz",
      "integrity": "sha512-5B52oObrbHkR5uBy6+YSimlvNCUa6VXfowm6QdUOul58JOGB+HGxOKDy8uY81/t/w1utHZ3L+TpcUtJAP6tNeQ=="
    },
    "rc-cascader": {
      "version": "0.11.3",
      "resolved": "https://registry.npmjs.org/rc-cascader/-/rc-cascader-0.11.3.tgz",
      "integrity": "sha1-nK7FgEjl+xNewj6QMJ6RCvBGlWw="
    },
    "rc-checkbox": {
      "version": "2.0.3",
      "resolved": "https://registry.npmjs.org/rc-checkbox/-/rc-checkbox-2.0.3.tgz",
      "integrity": "sha1-Q2qdUIlI4iSYDwU16nOLSBd6jyU="
    },
    "rc-collapse": {
      "version": "1.7.5",
      "resolved": "https://registry.npmjs.org/rc-collapse/-/rc-collapse-1.7.5.tgz",
      "integrity": "sha1-xuzIhpaLpahqHO0eKqSSn0HzUl4="
    },
    "rc-dialog": {
      "version": "6.5.10",
      "resolved": "https://registry.npmjs.org/rc-dialog/-/rc-dialog-6.5.10.tgz",
      "integrity": "sha1-nuhX0RF6MMj9ZaN/7Z9TE7BGMqM="
    },
    "rc-dropdown": {
      "version": "1.4.11",
      "resolved": "https://registry.npmjs.org/rc-dropdown/-/rc-dropdown-1.4.11.tgz",
      "integrity": "sha1-kb33u3cGTJKMEXkJ11fyJYJRLec="
    },
    "rc-editor-core": {
      "version": "0.7.8",
      "resolved": "https://registry.npmjs.org/rc-editor-core/-/rc-editor-core-0.7.8.tgz",
      "integrity": "sha1-3bgsyDtYcbWgV+ULANF4Zsyd1wc="
    },
    "rc-editor-mention": {
      "version": "0.6.12",
      "resolved": "https://registry.npmjs.org/rc-editor-mention/-/rc-editor-mention-0.6.12.tgz",
      "integrity": "sha1-Xfo0jF7ZprDPWMFdK3NBv98ronY="
    },
    "rc-form": {
      "version": "1.3.4",
      "resolved": "https://registry.npmjs.org/rc-form/-/rc-form-1.3.4.tgz",
      "integrity": "sha512-RFaUUW6Be3LNZsy74P54S8K2t+FagO/UA3/qkyXEo3LYGXB/0tL53QydXnBBTscyj/fnDy3d0fVK5HmCJ9Cfzg=="
    },
    "rc-hammerjs": {
      "version": "0.6.8",
      "resolved": "https://registry.npmjs.org/rc-hammerjs/-/rc-hammerjs-0.6.8.tgz",
      "integrity": "sha1-3FD6/zXszpqCKjONWSBqli4Joj0="
    },
    "rc-input-number": {
      "version": "3.6.0",
      "resolved": "https://registry.npmjs.org/rc-input-number/-/rc-input-number-3.6.0.tgz",
      "integrity": "sha1-Beq+3xQCG2XUBwSbnS4ipt+UuCw="
    },
    "rc-menu": {
      "version": "5.0.10",
      "resolved": "https://registry.npmjs.org/rc-menu/-/rc-menu-5.0.10.tgz",
      "integrity": "sha1-JmzxLlhEuiYGcwuRmEItoE0QK34="
    },
    "rc-notification": {
      "version": "2.0.0",
      "resolved": "https://registry.npmjs.org/rc-notification/-/rc-notification-2.0.0.tgz",
      "integrity": "sha1-NnsJ/8gn+xsAPpmzjVa47a0wE38="
    },
    "rc-pagination": {
      "version": "1.9.7",
      "resolved": "https://registry.npmjs.org/rc-pagination/-/rc-pagination-1.9.7.tgz",
      "integrity": "sha1-QvplDcfPuWxDDdNUpngspV8dgEM="
    },
    "rc-progress": {
      "version": "2.1.2",
      "resolved": "https://registry.npmjs.org/rc-progress/-/rc-progress-2.1.2.tgz",
      "integrity": "sha1-0xzLFJmuIjwNIdFIVlCqSg03TOA="
    },
    "rc-rate": {
      "version": "2.1.1",
      "resolved": "https://registry.npmjs.org/rc-rate/-/rc-rate-2.1.1.tgz",
      "integrity": "sha1-iK7aiz1kcLuuT2UYxlKgKpWb3cU="
    },
    "rc-select": {
      "version": "6.8.6",
      "resolved": "https://registry.npmjs.org/rc-select/-/rc-select-6.8.6.tgz",
      "integrity": "sha1-MiaH8ZkBp+y3vBGSkSPS6IByqNs=",
      "dependencies": {
        "warning": {
          "version": "2.1.0",
          "resolved": "https://registry.npmjs.org/warning/-/warning-2.1.0.tgz",
          "integrity": "sha1-ISINnGOvx3qMkhEeARr3Bc4MaQE="
        }
      }
    },
    "rc-slider": {
      "version": "8.1.3",
      "resolved": "https://registry.npmjs.org/rc-slider/-/rc-slider-8.1.3.tgz",
      "integrity": "sha1-eiWThXYNvdfQoXJvB4ykCke5Spc="
    },
    "rc-steps": {
      "version": "2.5.1",
      "resolved": "https://registry.npmjs.org/rc-steps/-/rc-steps-2.5.1.tgz",
      "integrity": "sha1-w5aa6j+5hM7Ll3pKlqtjTXVqbcQ="
    },
    "rc-switch": {
      "version": "1.5.1",
      "resolved": "https://registry.npmjs.org/rc-switch/-/rc-switch-1.5.1.tgz",
      "integrity": "sha1-/z7jZlpBjmwumlwcnYsmXhlBDtY="
    },
    "rc-table": {
      "version": "5.3.3",
      "resolved": "https://registry.npmjs.org/rc-table/-/rc-table-5.3.3.tgz",
      "integrity": "sha1-KU+6EoyOy6tZoy6027p9WFcyehY=",
      "dependencies": {
        "shallowequal": {
          "version": "0.2.2",
          "resolved": "https://registry.npmjs.org/shallowequal/-/shallowequal-0.2.2.tgz",
          "integrity": "sha1-HjL9W8q2rWiKSBLLDMBO/HXHAU4="
        }
      }
    },
    "rc-tabs": {
      "version": "8.0.0",
      "resolved": "https://registry.npmjs.org/rc-tabs/-/rc-tabs-8.0.0.tgz",
      "integrity": "sha1-JFGee6/UOwRA6cZRoNPvAxK8/Kw="
    },
    "rc-time-picker": {
      "version": "2.4.1",
      "resolved": "https://registry.npmjs.org/rc-time-picker/-/rc-time-picker-2.4.1.tgz",
      "integrity": "sha1-B049EgjogO2w2Zp7nMFbk1BdqMY="
    },
    "rc-tooltip": {
      "version": "3.4.6",
      "resolved": "https://registry.npmjs.org/rc-tooltip/-/rc-tooltip-3.4.6.tgz",
      "integrity": "sha1-7ZjeKntBLlJ8a9iiqX3d8Lq9LyE="
    },
    "rc-touchable": {
      "version": "1.2.2",
      "resolved": "https://registry.npmjs.org/rc-touchable/-/rc-touchable-1.2.2.tgz",
      "integrity": "sha1-4JNsoAabRVy6co5U1MEMD6E1WP4="
    },
    "rc-tree": {
      "version": "1.5.0",
      "resolved": "https://registry.npmjs.org/rc-tree/-/rc-tree-1.5.0.tgz",
      "integrity": "sha1-a3ADA8TxYK1/bEOKj9ylfelqXdE="
    },
    "rc-tree-select": {
      "version": "1.10.2",
      "resolved": "https://registry.npmjs.org/rc-tree-select/-/rc-tree-select-1.10.2.tgz",
      "integrity": "sha1-tHGWFZSD9cNNRx7oQdDcLaMK4SQ="
    },
    "rc-trigger": {
      "version": "1.11.1",
      "resolved": "https://registry.npmjs.org/rc-trigger/-/rc-trigger-1.11.1.tgz",
      "integrity": "sha1-RKxYt01oT0hD52muN8B72gpCQHs="
    },
    "rc-upload": {
      "version": "2.3.7",
      "resolved": "https://registry.npmjs.org/rc-upload/-/rc-upload-2.3.7.tgz",
      "integrity": "sha1-n0no6KFZGRSf9xF07ei1AYfOLmM=",
      "dependencies": {
        "warning": {
          "version": "2.1.0",
          "resolved": "https://registry.npmjs.org/warning/-/warning-2.1.0.tgz",
          "integrity": "sha1-ISINnGOvx3qMkhEeARr3Bc4MaQE="
        }
      }
    },
    "rc-util": {
      "version": "4.0.4",
      "resolved": "https://registry.npmjs.org/rc-util/-/rc-util-4.0.4.tgz",
      "integrity": "sha1-mYE92Qrufim2STmnCsF26tP0/zk=",
      "dependencies": {
        "shallowequal": {
          "version": "0.2.2",
          "resolved": "https://registry.npmjs.org/shallowequal/-/shallowequal-0.2.2.tgz",
          "integrity": "sha1-HjL9W8q2rWiKSBLLDMBO/HXHAU4="
        }
      }
    },
    "react": {
      "version": "https://registry.npmjs.org/react/-/react-15.5.4.tgz",
      "integrity": "sha1-+oPrAVBqsjfNwcjDsc6o3gEr8Ec="
    },
    "react-addons-pure-render-mixin": {
      "version": "https://registry.npmjs.org/react-addons-pure-render-mixin/-/react-addons-pure-render-mixin-15.5.2.tgz",
      "integrity": "sha1-67hGrrL9dxM2wjKCKSMQj4fVv/I="
    },
    "react-apollo": {
      "version": "1.4.2",
      "resolved": "https://registry.npmjs.org/react-apollo/-/react-apollo-1.4.2.tgz",
      "integrity": "sha1-6O4DUxC1ZP0bQu5+TxFghrWwaDQ=",
      "dependencies": {
        "apollo-client": {
          "version": "1.4.2",
          "resolved": "https://registry.npmjs.org/apollo-client/-/apollo-client-1.4.2.tgz",
          "integrity": "sha1-PUnRmu+guvkO3uVAGjWOQzpuYk8="
        },
        "graphql": {
          "version": "0.10.1",
          "resolved": "https://registry.npmjs.org/graphql/-/graphql-0.10.1.tgz",
          "integrity": "sha1-dck8LOc661uuLu+1Vajp45w2An0="
        }
      }
    },
    "react-dom": {
      "version": "https://registry.npmjs.org/react-dom/-/react-dom-15.5.4.tgz",
      "integrity": "sha1-ugwoeG/VLtfk8hNf4CiNRirvk9o="
    },
    "react-lazy-load": {
      "version": "3.0.12",
      "resolved": "https://registry.npmjs.org/react-lazy-load/-/react-lazy-load-3.0.12.tgz",
      "integrity": "sha1-K4Qd/DIn6BGdAzGJ0slgzjhNDLk="
    },
    "react-mounter": {
      "version": "https://registry.npmjs.org/react-mounter/-/react-mounter-1.2.0.tgz",
      "integrity": "sha1-Yjo6Ad/XePpxPr013YX9MeVcFCQ="
    },
    "react-redux": {
      "version": "https://registry.npmjs.org/react-redux/-/react-redux-4.4.8.tgz",
      "integrity": "sha1-57wd0QDotk6WrIIS2xEyObni4I8="
    },
    "react-saga": {
      "version": "https://registry.npmjs.org/react-saga/-/react-saga-0.2.5.tgz",
      "integrity": "sha1-gTtJzq3gW9ZxqHXlyRFSTwgLoPM="
    },
    "react-slick": {
      "version": "0.14.11",
      "resolved": "https://registry.npmjs.org/react-slick/-/react-slick-0.14.11.tgz",
      "integrity": "sha1-wsvb43KMZqL/SSm+ltRX4+oNgPM="
    },
    "reduce-reducers": {
      "version": "https://registry.npmjs.org/reduce-reducers/-/reduce-reducers-0.1.2.tgz",
      "integrity": "sha1-+htHGLxSkqcd3R5dg5yb6pdw8Us="
    },
    "redux": {
      "version": "https://registry.npmjs.org/redux/-/redux-3.6.0.tgz",
      "integrity": "sha1-iHwrPQub2G7KK+cFccJ2VMGeGI0="
    },
    "redux-actions": {
      "version": "https://registry.npmjs.org/redux-actions/-/redux-actions-2.0.3.tgz",
      "integrity": "sha1-FVCrqd7xeRZszSNNB2chBKc22Ik="
    },
    "redux-logger": {
      "version": "https://registry.npmjs.org/redux-logger/-/redux-logger-2.10.2.tgz",
      "integrity": "sha1-PFpfCm8yV3wd6t9mVfJX+CxsOTc="
    },
    "redux-saga": {
      "version": "https://registry.npmjs.org/redux-saga/-/redux-saga-0.15.3.tgz",
      "integrity": "sha1-viuGtK1Gvw2E/PywypbPwz25Gss="
    },
    "redux-thunk": {
      "version": "https://registry.npmjs.org/redux-thunk/-/redux-thunk-2.2.0.tgz",
      "integrity": "sha1-5hWhbha0ehmlFXZhM9Hj6Zt4UuU="
    },
    "regenerator-runtime": {
      "version": "https://registry.npmjs.org/regenerator-runtime/-/regenerator-runtime-0.10.5.tgz",
      "integrity": "sha1-M2w+/BIgrc7dosn6tntaeVWjNlg="
    },
    "reselect": {
      "version": "https://registry.npmjs.org/reselect/-/reselect-3.0.1.tgz",
      "integrity": "sha1-79qpjqdFEyTQkrKyFjpqHXqaIUc="
    },
    "setimmediate": {
      "version": "https://registry.npmjs.org/setimmediate/-/setimmediate-1.0.5.tgz",
      "integrity": "sha1-KQy7Iy4waULX1+qbg3Mqt4VvgoU="
    },
    "shallow-equal": {
      "version": "1.0.0",
      "resolved": "https://registry.npmjs.org/shallow-equal/-/shallow-equal-1.0.0.tgz",
      "integrity": "sha1-UI0YOLPeWQq4dXsBGyXkMJAJRfc="
    },
    "shallowequal": {
      "version": "1.0.1",
      "resolved": "https://registry.npmjs.org/shallowequal/-/shallowequal-1.0.1.tgz",
      "integrity": "sha1-Q0kWBBggC607gtcj3tZfI1TbKiM="
    },
    "slick-carousel": {
      "version": "1.6.0",
      "resolved": "https://registry.npmjs.org/slick-carousel/-/slick-carousel-1.6.0.tgz",
      "integrity": "sha1-eA83jkcPTm9r7BqiuuBHX0+esIU="
    },
    "string-convert": {
      "version": "0.2.1",
      "resolved": "https://registry.npmjs.org/string-convert/-/string-convert-0.2.1.tgz",
      "integrity": "sha1-aYLMMEn7tM2F+LJFaLnZvznu/5c="
    },
    "symbol-observable": {
      "version": "https://registry.npmjs.org/symbol-observable/-/symbol-observable-1.0.4.tgz",
      "integrity": "sha1-Kb9hXUqnEhvdiYsi1LP5vE4qoD0="
    },
    "tachyons": {
      "version": "4.7.0",
      "resolved": "https://registry.npmjs.org/tachyons/-/tachyons-4.7.0.tgz",
      "integrity": "sha1-Io7tC63KAc95PvfMYQOmDI+LDz4="
    },
    "tachyons-flexbox": {
      "version": "2.0.5",
      "resolved": "https://registry.npmjs.org/tachyons-flexbox/-/tachyons-flexbox-2.0.5.tgz",
      "integrity": "sha1-LDacLdL38qOquocDovRR2hh/3yg=",
      "dev": true
    },
    "tachyons-sass": {
      "version": "4.7.1",
      "resolved": "https://registry.npmjs.org/tachyons-sass/-/tachyons-sass-4.7.1.tgz",
      "integrity": "sha1-sDnq+MYzGJoy9Ubo4op2TLPuTPs="
    },
    "tracker-component": {
      "version": "https://registry.npmjs.org/tracker-component/-/tracker-component-1.3.21.tgz",
      "integrity": "sha1-RYXfzPn85O8O7jG6vJ5NGQ6gzqo="
    },
    "ua-parser-js": {
      "version": "https://registry.npmjs.org/ua-parser-js/-/ua-parser-js-0.7.12.tgz",
      "integrity": "sha1-BMgamb3V3FImPqKdJMa/jUgYpLs="
    },
    "utf8": {
      "version": "https://registry.npmjs.org/utf8/-/utf8-2.1.2.tgz",
      "integrity": "sha1-H6DZJw6b6FDZsFAn9jUZv0ZFfZY="
    },
    "warning": {
      "version": "3.0.0",
      "resolved": "https://registry.npmjs.org/warning/-/warning-3.0.0.tgz",
      "integrity": "sha1-MuU3fLVy3kqwR1O9+IIcAe1gW3w="
    },
    "web3": {
      "version": "https://registry.npmjs.org/web3/-/web3-0.19.0.tgz",
      "integrity": "sha1-ixj7okQhpZ0ohIWby5txjCZlUk4=",
      "dependencies": {
        "bignumber.js": {
          "version": "git+https://github.com/debris/bignumber.js.git#94d7146671b9719e00a09c29b01a691bc85048c2"
        }
      }
    },
    "whatwg-fetch": {
      "version": "https://registry.npmjs.org/whatwg-fetch/-/whatwg-fetch-2.0.3.tgz",
      "integrity": "sha1-nITsLc9oGH/wC8ZOEnS0QhduHIQ="
    },
    "wrappy": {
      "version": "1.0.2",
      "resolved": "https://registry.npmjs.org/wrappy/-/wrappy-1.0.2.tgz",
      "integrity": "sha1-tSQ9jz7BqjXxNkYFvA0QNuMKtp8="
    },
    "xhr2": {
      "version": "https://registry.npmjs.org/xhr2/-/xhr2-0.1.4.tgz",
      "integrity": "sha1-f4dliEdxbbUCYyOBL4GMras4el8="
    },
    "xmlhttprequest": {
      "version": "https://registry.npmjs.org/xmlhttprequest/-/xmlhttprequest-1.8.0.tgz",
      "integrity": "sha1-Z/4HXFwk/vOfnWX197f+dRcZaPw="
    }
  }
}
